
Microsoft Visual Studio Solution File, Format Version 12.00
# Visual Studio Version 17
VisualStudioVersion = 17.5.33424.131
MinimumVisualStudioVersion = 10.0.40219.1
Project("{FAE04EC0-301F-11D3-BF4B-00C04F79EFBC}") = "DemoLINQeLambda", "DemoLINQeLambda\DemoLINQeLambda.csproj", "{EFF8B452-9DD2-4488-87D9-A462CE26625A}"
EndProject
Global
	GlobalSection(SolutionConfigurationPlatforms) = preSolution
		Debug|Any CPU = Debug|Any CPU
		Release|Any CPU = Release|Any CPU
	EndGlobalSection
	GlobalSection(ProjectConfigurationPlatforms) = postSolution
		{EFF8B452-9DD2-4488-87D9-A462CE26625A}.Debug|Any CPU.ActiveCfg = Debug|Any CPU
		{EFF8B452-9DD2-4488-87D9-A462CE26625A}.Debug|Any CPU.Build.0 = Debug|Any CPU
		{EFF8B452-9DD2-4488-87D9-A462CE26625A}.Release|Any CPU.ActiveCfg = Release|Any CPU
		{EFF8B452-9DD2-4488-87D9-A462CE26625A}.Release|Any CPU.Build.0 = Release|Any CPU
	EndGlobalSection
	GlobalSection(SolutionProperties) = preSolution
		HideSolutionNode = FALSE
	EndGlobalSection
	GlobalSection(ExtensibilityGlobals) = postSolution
		SolutionGuid = {13868E93-7AEF-47B4-A279-40532B4B071B}
	EndGlobalSection
EndGlobal
