
Microsoft Visual Studio Solution File, Format Version 12.00
# Visual Studio Version 17
VisualStudioVersion = 17.4.33403.182
MinimumVisualStudioVersion = 10.0.40219.1
Project("{FAE04EC0-301F-11D3-BF4B-00C04F79EFBC}") = "ExercicioPOO06", "ExercicioPOO06\ExercicioPOO06.csproj", "{4DAF49B4-14CE-44B5-B16A-D051E31C288E}"
EndProject
Global
	GlobalSection(SolutionConfigurationPlatforms) = preSolution
		Debug|Any CPU = Debug|Any CPU
		Release|Any CPU = Release|Any CPU
	EndGlobalSection
	GlobalSection(ProjectConfigurationPlatforms) = postSolution
		{4DAF49B4-14CE-44B5-B16A-D051E31C288E}.Debug|Any CPU.ActiveCfg = Debug|Any CPU
		{4DAF49B4-14CE-44B5-B16A-D051E31C288E}.Debug|Any CPU.Build.0 = Debug|Any CPU
		{4DAF49B4-14CE-44B5-B16A-D051E31C288E}.Release|Any CPU.ActiveCfg = Release|Any CPU
		{4DAF49B4-14CE-44B5-B16A-D051E31C288E}.Release|Any CPU.Build.0 = Release|Any CPU
	EndGlobalSection
	GlobalSection(SolutionProperties) = preSolution
		HideSolutionNode = FALSE
	EndGlobalSection
	GlobalSection(ExtensibilityGlobals) = postSolution
		SolutionGuid = {D54AA739-1356-482A-BF22-C8F65F8115AC}
	EndGlobalSection
EndGlobal
