
Microsoft Visual Studio Solution File, Format Version 12.00
# Visual Studio Version 17
VisualStudioVersion = 17.4.33403.182
MinimumVisualStudioVersion = 10.0.40219.1
Project("{FAE04EC0-301F-11D3-BF4B-00C04F79EFBC}") = "uri1036", "uri1036\uri1036.csproj", "{F185E380-E341-427E-A187-FBE1C5B42BF7}"
EndProject
Global
	GlobalSection(SolutionConfigurationPlatforms) = preSolution
		Debug|Any CPU = Debug|Any CPU
		Release|Any CPU = Release|Any CPU
	EndGlobalSection
	GlobalSection(ProjectConfigurationPlatforms) = postSolution
		{F185E380-E341-427E-A187-FBE1C5B42BF7}.Debug|Any CPU.ActiveCfg = Debug|Any CPU
		{F185E380-E341-427E-A187-FBE1C5B42BF7}.Debug|Any CPU.Build.0 = Debug|Any CPU
		{F185E380-E341-427E-A187-FBE1C5B42BF7}.Release|Any CPU.ActiveCfg = Release|Any CPU
		{F185E380-E341-427E-A187-FBE1C5B42BF7}.Release|Any CPU.Build.0 = Release|Any CPU
	EndGlobalSection
	GlobalSection(SolutionProperties) = preSolution
		HideSolutionNode = FALSE
	EndGlobalSection
	GlobalSection(ExtensibilityGlobals) = postSolution
		SolutionGuid = {01EBEB44-B8C3-4C6C-98B9-07D0B0C47DBE}
	EndGlobalSection
EndGlobal
