
Microsoft Visual Studio Solution File, Format Version 12.00
# Visual Studio Version 17
VisualStudioVersion = 17.6.33723.286
MinimumVisualStudioVersion = 10.0.40219.1
Project("{FAE04EC0-301F-11D3-BF4B-00C04F79EFBC}") = "Exercicio03", "Exercicio03\Exercicio03.csproj", "{64FAEFDB-71BA-4423-8C24-DE53239A6019}"
EndProject
Global
	GlobalSection(SolutionConfigurationPlatforms) = preSolution
		Debug|Any CPU = Debug|Any CPU
		Release|Any CPU = Release|Any CPU
	EndGlobalSection
	GlobalSection(ProjectConfigurationPlatforms) = postSolution
		{64FAEFDB-71BA-4423-8C24-DE53239A6019}.Debug|Any CPU.ActiveCfg = Debug|Any CPU
		{64FAEFDB-71BA-4423-8C24-DE53239A6019}.Debug|Any CPU.Build.0 = Debug|Any CPU
		{64FAEFDB-71BA-4423-8C24-DE53239A6019}.Release|Any CPU.ActiveCfg = Release|Any CPU
		{64FAEFDB-71BA-4423-8C24-DE53239A6019}.Release|Any CPU.Build.0 = Release|Any CPU
	EndGlobalSection
	GlobalSection(SolutionProperties) = preSolution
		HideSolutionNode = FALSE
	EndGlobalSection
	GlobalSection(ExtensibilityGlobals) = postSolution
		SolutionGuid = {64FBA38D-4F4F-4F07-9119-010A761D50CA}
	EndGlobalSection
EndGlobal
