
Microsoft Visual Studio Solution File, Format Version 12.00
# Visual Studio Version 17
VisualStudioVersion = 17.4.33403.182
MinimumVisualStudioVersion = 10.0.40219.1
Project("{FAE04EC0-301F-11D3-BF4B-00C04F79EFBC}") = "ExercicioPOO05", "ExercicioPOO05\ExercicioPOO05.csproj", "{4522B3F6-1A8A-48A9-8756-22D6D343FDA2}"
EndProject
Global
	GlobalSection(SolutionConfigurationPlatforms) = preSolution
		Debug|Any CPU = Debug|Any CPU
		Release|Any CPU = Release|Any CPU
	EndGlobalSection
	GlobalSection(ProjectConfigurationPlatforms) = postSolution
		{4522B3F6-1A8A-48A9-8756-22D6D343FDA2}.Debug|Any CPU.ActiveCfg = Debug|Any CPU
		{4522B3F6-1A8A-48A9-8756-22D6D343FDA2}.Debug|Any CPU.Build.0 = Debug|Any CPU
		{4522B3F6-1A8A-48A9-8756-22D6D343FDA2}.Release|Any CPU.ActiveCfg = Release|Any CPU
		{4522B3F6-1A8A-48A9-8756-22D6D343FDA2}.Release|Any CPU.Build.0 = Release|Any CPU
	EndGlobalSection
	GlobalSection(SolutionProperties) = preSolution
		HideSolutionNode = FALSE
	EndGlobalSection
	GlobalSection(ExtensibilityGlobals) = postSolution
		SolutionGuid = {1E79681E-CDB6-443D-B2D6-BE6E723F8ED3}
	EndGlobalSection
EndGlobal
