
Microsoft Visual Studio Solution File, Format Version 12.00
# Visual Studio Version 17
VisualStudioVersion = 17.5.33424.131
MinimumVisualStudioVersion = 10.0.40219.1
Project("{FAE04EC0-301F-11D3-BF4B-00C04F79EFBC}") = "ExercicioResolvido13", "ExercicioResolvido13\ExercicioResolvido13.csproj", "{67070FAF-76FE-4144-8AB3-8A198687D0F7}"
EndProject
Global
	GlobalSection(SolutionConfigurationPlatforms) = preSolution
		Debug|Any CPU = Debug|Any CPU
		Release|Any CPU = Release|Any CPU
	EndGlobalSection
	GlobalSection(ProjectConfigurationPlatforms) = postSolution
		{67070FAF-76FE-4144-8AB3-8A198687D0F7}.Debug|Any CPU.ActiveCfg = Debug|Any CPU
		{67070FAF-76FE-4144-8AB3-8A198687D0F7}.Debug|Any CPU.Build.0 = Debug|Any CPU
		{67070FAF-76FE-4144-8AB3-8A198687D0F7}.Release|Any CPU.ActiveCfg = Release|Any CPU
		{67070FAF-76FE-4144-8AB3-8A198687D0F7}.Release|Any CPU.Build.0 = Release|Any CPU
	EndGlobalSection
	GlobalSection(SolutionProperties) = preSolution
		HideSolutionNode = FALSE
	EndGlobalSection
	GlobalSection(ExtensibilityGlobals) = postSolution
		SolutionGuid = {18B41682-EEEF-4564-8245-9FB43AE993C4}
	EndGlobalSection
EndGlobal
