
Microsoft Visual Studio Solution File, Format Version 12.00
# Visual Studio Version 17
VisualStudioVersion = 17.5.33424.131
MinimumVisualStudioVersion = 10.0.40219.1
Project("{FAE04EC0-301F-11D3-BF4B-00C04F79EFBC}") = "ExercicioDictionary", "ExercicioDictionary\ExercicioDictionary.csproj", "{3C67380D-92C4-46AF-80B3-A44B56C4D510}"
EndProject
Global
	GlobalSection(SolutionConfigurationPlatforms) = preSolution
		Debug|Any CPU = Debug|Any CPU
		Release|Any CPU = Release|Any CPU
	EndGlobalSection
	GlobalSection(ProjectConfigurationPlatforms) = postSolution
		{3C67380D-92C4-46AF-80B3-A44B56C4D510}.Debug|Any CPU.ActiveCfg = Debug|Any CPU
		{3C67380D-92C4-46AF-80B3-A44B56C4D510}.Debug|Any CPU.Build.0 = Debug|Any CPU
		{3C67380D-92C4-46AF-80B3-A44B56C4D510}.Release|Any CPU.ActiveCfg = Release|Any CPU
		{3C67380D-92C4-46AF-80B3-A44B56C4D510}.Release|Any CPU.Build.0 = Release|Any CPU
	EndGlobalSection
	GlobalSection(SolutionProperties) = preSolution
		HideSolutionNode = FALSE
	EndGlobalSection
	GlobalSection(ExtensibilityGlobals) = postSolution
		SolutionGuid = {75B398EF-0013-4C1B-A21D-4CF51EC7F47D}
	EndGlobalSection
EndGlobal
