
Microsoft Visual Studio Solution File, Format Version 12.00
# Visual Studio Version 17
VisualStudioVersion = 17.6.33723.286
MinimumVisualStudioVersion = 10.0.40219.1
Project("{FAE04EC0-301F-11D3-BF4B-00C04F79EFBC}") = "Exercicio05", "Exercicio05\Exercicio05.csproj", "{D5AC1862-69BF-4223-A73C-4FD24B6D5EE7}"
EndProject
Global
	GlobalSection(SolutionConfigurationPlatforms) = preSolution
		Debug|Any CPU = Debug|Any CPU
		Release|Any CPU = Release|Any CPU
	EndGlobalSection
	GlobalSection(ProjectConfigurationPlatforms) = postSolution
		{D5AC1862-69BF-4223-A73C-4FD24B6D5EE7}.Debug|Any CPU.ActiveCfg = Debug|Any CPU
		{D5AC1862-69BF-4223-A73C-4FD24B6D5EE7}.Debug|Any CPU.Build.0 = Debug|Any CPU
		{D5AC1862-69BF-4223-A73C-4FD24B6D5EE7}.Release|Any CPU.ActiveCfg = Release|Any CPU
		{D5AC1862-69BF-4223-A73C-4FD24B6D5EE7}.Release|Any CPU.Build.0 = Release|Any CPU
	EndGlobalSection
	GlobalSection(SolutionProperties) = preSolution
		HideSolutionNode = FALSE
	EndGlobalSection
	GlobalSection(ExtensibilityGlobals) = postSolution
		SolutionGuid = {9F110E08-6AB0-4C2B-8509-DBEEF18D3FC6}
	EndGlobalSection
EndGlobal
