
Microsoft Visual Studio Solution File, Format Version 12.00
# Visual Studio Version 17
VisualStudioVersion = 17.4.33403.182
MinimumVisualStudioVersion = 10.0.40219.1
Project("{FAE04EC0-301F-11D3-BF4B-00C04F79EFBC}") = "Teste", "Teste\Teste.csproj", "{7F7A834A-54B2-44EE-8F53-7BDB9CAE0805}"
EndProject
Global
	GlobalSection(SolutionConfigurationPlatforms) = preSolution
		Debug|Any CPU = Debug|Any CPU
		Release|Any CPU = Release|Any CPU
	EndGlobalSection
	GlobalSection(ProjectConfigurationPlatforms) = postSolution
		{7F7A834A-54B2-44EE-8F53-7BDB9CAE0805}.Debug|Any CPU.ActiveCfg = Debug|Any CPU
		{7F7A834A-54B2-44EE-8F53-7BDB9CAE0805}.Debug|Any CPU.Build.0 = Debug|Any CPU
		{7F7A834A-54B2-44EE-8F53-7BDB9CAE0805}.Release|Any CPU.ActiveCfg = Release|Any CPU
		{7F7A834A-54B2-44EE-8F53-7BDB9CAE0805}.Release|Any CPU.Build.0 = Release|Any CPU
	EndGlobalSection
	GlobalSection(SolutionProperties) = preSolution
		HideSolutionNode = FALSE
	EndGlobalSection
	GlobalSection(ExtensibilityGlobals) = postSolution
		SolutionGuid = {E3A62613-1CDB-4273-B8D0-1A63E7688C0C}
	EndGlobalSection
EndGlobal
