
Microsoft Visual Studio Solution File, Format Version 12.00
# Visual Studio Version 17
VisualStudioVersion = 17.4.33213.308
MinimumVisualStudioVersion = 10.0.40219.1
Project("{FAE04EC0-301F-11D3-BF4B-00C04F79EFBC}") = "SaidaDeDados", "SaidaDeDados\SaidaDeDados.csproj", "{922A13F4-F6EB-4023-B5EE-3085F7441763}"
EndProject
Global
	GlobalSection(SolutionConfigurationPlatforms) = preSolution
		Debug|Any CPU = Debug|Any CPU
		Release|Any CPU = Release|Any CPU
	EndGlobalSection
	GlobalSection(ProjectConfigurationPlatforms) = postSolution
		{922A13F4-F6EB-4023-B5EE-3085F7441763}.Debug|Any CPU.ActiveCfg = Debug|Any CPU
		{922A13F4-F6EB-4023-B5EE-3085F7441763}.Debug|Any CPU.Build.0 = Debug|Any CPU
		{922A13F4-F6EB-4023-B5EE-3085F7441763}.Release|Any CPU.ActiveCfg = Release|Any CPU
		{922A13F4-F6EB-4023-B5EE-3085F7441763}.Release|Any CPU.Build.0 = Release|Any CPU
	EndGlobalSection
	GlobalSection(SolutionProperties) = preSolution
		HideSolutionNode = FALSE
	EndGlobalSection
	GlobalSection(ExtensibilityGlobals) = postSolution
		SolutionGuid = {8C1EDB2F-F133-4E09-9558-4431A536018E}
	EndGlobalSection
EndGlobal
