
Microsoft Visual Studio Solution File, Format Version 12.00
# Visual Studio Version 17
VisualStudioVersion = 17.4.33403.182
MinimumVisualStudioVersion = 10.0.40219.1
Project("{FAE04EC0-301F-11D3-BF4B-00C04F79EFBC}") = "ProblemaProduto", "ProblemaProduto\ProblemaProduto.csproj", "{DC8A65AF-3464-4CE0-9379-327006B27702}"
EndProject
Global
	GlobalSection(SolutionConfigurationPlatforms) = preSolution
		Debug|Any CPU = Debug|Any CPU
		Release|Any CPU = Release|Any CPU
	EndGlobalSection
	GlobalSection(ProjectConfigurationPlatforms) = postSolution
		{DC8A65AF-3464-4CE0-9379-327006B27702}.Debug|Any CPU.ActiveCfg = Debug|Any CPU
		{DC8A65AF-3464-4CE0-9379-327006B27702}.Debug|Any CPU.Build.0 = Debug|Any CPU
		{DC8A65AF-3464-4CE0-9379-327006B27702}.Release|Any CPU.ActiveCfg = Release|Any CPU
		{DC8A65AF-3464-4CE0-9379-327006B27702}.Release|Any CPU.Build.0 = Release|Any CPU
	EndGlobalSection
	GlobalSection(SolutionProperties) = preSolution
		HideSolutionNode = FALSE
	EndGlobalSection
	GlobalSection(ExtensibilityGlobals) = postSolution
		SolutionGuid = {D20A593C-E096-4F1E-A52B-F5CB312F5E8E}
	EndGlobalSection
EndGlobal
