
Microsoft Visual Studio Solution File, Format Version 12.00
# Visual Studio Version 17
VisualStudioVersion = 17.5.33424.131
MinimumVisualStudioVersion = 10.0.40219.1
Project("{FAE04EC0-301F-11D3-BF4B-00C04F79EFBC}") = "FileStreamEStreamReader", "FileStreamEStreamReader\FileStreamEStreamReader.csproj", "{1EBC29A1-78E0-4337-B6CD-C121B67A97DC}"
EndProject
Global
	GlobalSection(SolutionConfigurationPlatforms) = preSolution
		Debug|Any CPU = Debug|Any CPU
		Release|Any CPU = Release|Any CPU
	EndGlobalSection
	GlobalSection(ProjectConfigurationPlatforms) = postSolution
		{1EBC29A1-78E0-4337-B6CD-C121B67A97DC}.Debug|Any CPU.ActiveCfg = Debug|Any CPU
		{1EBC29A1-78E0-4337-B6CD-C121B67A97DC}.Debug|Any CPU.Build.0 = Debug|Any CPU
		{1EBC29A1-78E0-4337-B6CD-C121B67A97DC}.Release|Any CPU.ActiveCfg = Release|Any CPU
		{1EBC29A1-78E0-4337-B6CD-C121B67A97DC}.Release|Any CPU.Build.0 = Release|Any CPU
	EndGlobalSection
	GlobalSection(SolutionProperties) = preSolution
		HideSolutionNode = FALSE
	EndGlobalSection
	GlobalSection(ExtensibilityGlobals) = postSolution
		SolutionGuid = {4745F853-559B-4E9F-9092-CFC476916BB0}
	EndGlobalSection
EndGlobal
