
Microsoft Visual Studio Solution File, Format Version 12.00
# Visual Studio Version 17
VisualStudioVersion = 17.5.33424.131
MinimumVisualStudioVersion = 10.0.40219.1
Project("{FAE04EC0-301F-11D3-BF4B-00C04F79EFBC}") = "GenericsPt2", "GenericsPt2\GenericsPt2.csproj", "{A0754092-BC7B-4BF7-99D5-FD83342AAF3C}"
EndProject
Global
	GlobalSection(SolutionConfigurationPlatforms) = preSolution
		Debug|Any CPU = Debug|Any CPU
		Release|Any CPU = Release|Any CPU
	EndGlobalSection
	GlobalSection(ProjectConfigurationPlatforms) = postSolution
		{A0754092-BC7B-4BF7-99D5-FD83342AAF3C}.Debug|Any CPU.ActiveCfg = Debug|Any CPU
		{A0754092-BC7B-4BF7-99D5-FD83342AAF3C}.Debug|Any CPU.Build.0 = Debug|Any CPU
		{A0754092-BC7B-4BF7-99D5-FD83342AAF3C}.Release|Any CPU.ActiveCfg = Release|Any CPU
		{A0754092-BC7B-4BF7-99D5-FD83342AAF3C}.Release|Any CPU.Build.0 = Release|Any CPU
	EndGlobalSection
	GlobalSection(SolutionProperties) = preSolution
		HideSolutionNode = FALSE
	EndGlobalSection
	GlobalSection(ExtensibilityGlobals) = postSolution
		SolutionGuid = {44D954A4-8607-410E-AB38-6EA0F180B635}
	EndGlobalSection
EndGlobal
