
Microsoft Visual Studio Solution File, Format Version 12.00
# Visual Studio Version 17
VisualStudioVersion = 17.5.33424.131
MinimumVisualStudioVersion = 10.0.40219.1
Project("{FAE04EC0-301F-11D3-BF4B-00C04F79EFBC}") = "ExercicioPOO14", "ExercicioPOO14\ExercicioPOO14.csproj", "{8BD6F011-FC34-442B-BD82-435488F06CE9}"
EndProject
Global
	GlobalSection(SolutionConfigurationPlatforms) = preSolution
		Debug|Any CPU = Debug|Any CPU
		Release|Any CPU = Release|Any CPU
	EndGlobalSection
	GlobalSection(ProjectConfigurationPlatforms) = postSolution
		{8BD6F011-FC34-442B-BD82-435488F06CE9}.Debug|Any CPU.ActiveCfg = Debug|Any CPU
		{8BD6F011-FC34-442B-BD82-435488F06CE9}.Debug|Any CPU.Build.0 = Debug|Any CPU
		{8BD6F011-FC34-442B-BD82-435488F06CE9}.Release|Any CPU.ActiveCfg = Release|Any CPU
		{8BD6F011-FC34-442B-BD82-435488F06CE9}.Release|Any CPU.Build.0 = Release|Any CPU
	EndGlobalSection
	GlobalSection(SolutionProperties) = preSolution
		HideSolutionNode = FALSE
	EndGlobalSection
	GlobalSection(ExtensibilityGlobals) = postSolution
		SolutionGuid = {2258F45F-CC0D-42E9-A99B-90CF073F96B2}
	EndGlobalSection
EndGlobal
