
Microsoft Visual Studio Solution File, Format Version 12.00
# Visual Studio Version 17
VisualStudioVersion = 17.4.33403.182
MinimumVisualStudioVersion = 10.0.40219.1
Project("{FAE04EC0-301F-11D3-BF4B-00C04F79EFBC}") = "uri1071", "uri1071\uri1071.csproj", "{46F03E5E-6A3D-4279-8C5C-5F57C814CD5F}"
EndProject
Global
	GlobalSection(SolutionConfigurationPlatforms) = preSolution
		Debug|Any CPU = Debug|Any CPU
		Release|Any CPU = Release|Any CPU
	EndGlobalSection
	GlobalSection(ProjectConfigurationPlatforms) = postSolution
		{46F03E5E-6A3D-4279-8C5C-5F57C814CD5F}.Debug|Any CPU.ActiveCfg = Debug|Any CPU
		{46F03E5E-6A3D-4279-8C5C-5F57C814CD5F}.Debug|Any CPU.Build.0 = Debug|Any CPU
		{46F03E5E-6A3D-4279-8C5C-5F57C814CD5F}.Release|Any CPU.ActiveCfg = Release|Any CPU
		{46F03E5E-6A3D-4279-8C5C-5F57C814CD5F}.Release|Any CPU.Build.0 = Release|Any CPU
	EndGlobalSection
	GlobalSection(SolutionProperties) = preSolution
		HideSolutionNode = FALSE
	EndGlobalSection
	GlobalSection(ExtensibilityGlobals) = postSolution
		SolutionGuid = {EBE9D013-56FD-4C52-832F-0ECD3175C160}
	EndGlobalSection
EndGlobal
