
Microsoft Visual Studio Solution File, Format Version 12.00
# Visual Studio Version 17
VisualStudioVersion = 17.4.33403.182
MinimumVisualStudioVersion = 10.0.40219.1
Project("{FAE04EC0-301F-11D3-BF4B-00C04F79EFBC}") = "ExercicioResolvido06", "ExercicioResolvido06\ExercicioResolvido06.csproj", "{66E4E7B1-2FA4-49E5-B7B8-97838E2CA8CB}"
EndProject
Global
	GlobalSection(SolutionConfigurationPlatforms) = preSolution
		Debug|Any CPU = Debug|Any CPU
		Release|Any CPU = Release|Any CPU
	EndGlobalSection
	GlobalSection(ProjectConfigurationPlatforms) = postSolution
		{66E4E7B1-2FA4-49E5-B7B8-97838E2CA8CB}.Debug|Any CPU.ActiveCfg = Debug|Any CPU
		{66E4E7B1-2FA4-49E5-B7B8-97838E2CA8CB}.Debug|Any CPU.Build.0 = Debug|Any CPU
		{66E4E7B1-2FA4-49E5-B7B8-97838E2CA8CB}.Release|Any CPU.ActiveCfg = Release|Any CPU
		{66E4E7B1-2FA4-49E5-B7B8-97838E2CA8CB}.Release|Any CPU.Build.0 = Release|Any CPU
	EndGlobalSection
	GlobalSection(SolutionProperties) = preSolution
		HideSolutionNode = FALSE
	EndGlobalSection
	GlobalSection(ExtensibilityGlobals) = postSolution
		SolutionGuid = {00450994-8101-4F4D-87C9-00FE4978088F}
	EndGlobalSection
EndGlobal
