
Microsoft Visual Studio Solution File, Format Version 12.00
# Visual Studio Version 17
VisualStudioVersion = 17.4.33403.182
MinimumVisualStudioVersion = 10.0.40219.1
Project("{FAE04EC0-301F-11D3-BF4B-00C04F79EFBC}") = "uri1007", "uri1007\uri1007.csproj", "{1A8F9215-23DE-4B73-8688-3866EDE82DEC}"
EndProject
Global
	GlobalSection(SolutionConfigurationPlatforms) = preSolution
		Debug|Any CPU = Debug|Any CPU
		Release|Any CPU = Release|Any CPU
	EndGlobalSection
	GlobalSection(ProjectConfigurationPlatforms) = postSolution
		{1A8F9215-23DE-4B73-8688-3866EDE82DEC}.Debug|Any CPU.ActiveCfg = Debug|Any CPU
		{1A8F9215-23DE-4B73-8688-3866EDE82DEC}.Debug|Any CPU.Build.0 = Debug|Any CPU
		{1A8F9215-23DE-4B73-8688-3866EDE82DEC}.Release|Any CPU.ActiveCfg = Release|Any CPU
		{1A8F9215-23DE-4B73-8688-3866EDE82DEC}.Release|Any CPU.Build.0 = Release|Any CPU
	EndGlobalSection
	GlobalSection(SolutionProperties) = preSolution
		HideSolutionNode = FALSE
	EndGlobalSection
	GlobalSection(ExtensibilityGlobals) = postSolution
		SolutionGuid = {5D5FFC88-CD84-4811-BB00-654A638760C9}
	EndGlobalSection
EndGlobal
