
Microsoft Visual Studio Solution File, Format Version 12.00
# Visual Studio Version 17
VisualStudioVersion = 17.5.33424.131
MinimumVisualStudioVersion = 10.0.40219.1
Project("{FAE04EC0-301F-11D3-BF4B-00C04F79EFBC}") = "ExercicioPOO13", "ExercicioPOO13\ExercicioPOO13.csproj", "{28A22650-65EB-4CA1-9858-68E2F036929E}"
EndProject
Global
	GlobalSection(SolutionConfigurationPlatforms) = preSolution
		Debug|Any CPU = Debug|Any CPU
		Release|Any CPU = Release|Any CPU
	EndGlobalSection
	GlobalSection(ProjectConfigurationPlatforms) = postSolution
		{28A22650-65EB-4CA1-9858-68E2F036929E}.Debug|Any CPU.ActiveCfg = Debug|Any CPU
		{28A22650-65EB-4CA1-9858-68E2F036929E}.Debug|Any CPU.Build.0 = Debug|Any CPU
		{28A22650-65EB-4CA1-9858-68E2F036929E}.Release|Any CPU.ActiveCfg = Release|Any CPU
		{28A22650-65EB-4CA1-9858-68E2F036929E}.Release|Any CPU.Build.0 = Release|Any CPU
	EndGlobalSection
	GlobalSection(SolutionProperties) = preSolution
		HideSolutionNode = FALSE
	EndGlobalSection
	GlobalSection(ExtensibilityGlobals) = postSolution
		SolutionGuid = {88766D2C-570B-4AC0-A817-7D37375DA4D0}
	EndGlobalSection
EndGlobal
