
Microsoft Visual Studio Solution File, Format Version 12.00
# Visual Studio Version 17
VisualStudioVersion = 17.4.33213.308
MinimumVisualStudioVersion = 10.0.40219.1
Project("{FAE04EC0-301F-11D3-BF4B-00C04F79EFBC}") = "PrimeiroProjeto", "PrimeiroProjeto\PrimeiroProjeto.csproj", "{5CEE0532-0B5C-47B4-9C54-8B5263831B31}"
EndProject
Global
	GlobalSection(SolutionConfigurationPlatforms) = preSolution
		Debug|Any CPU = Debug|Any CPU
		Release|Any CPU = Release|Any CPU
	EndGlobalSection
	GlobalSection(ProjectConfigurationPlatforms) = postSolution
		{5CEE0532-0B5C-47B4-9C54-8B5263831B31}.Debug|Any CPU.ActiveCfg = Debug|Any CPU
		{5CEE0532-0B5C-47B4-9C54-8B5263831B31}.Debug|Any CPU.Build.0 = Debug|Any CPU
		{5CEE0532-0B5C-47B4-9C54-8B5263831B31}.Release|Any CPU.ActiveCfg = Release|Any CPU
		{5CEE0532-0B5C-47B4-9C54-8B5263831B31}.Release|Any CPU.Build.0 = Release|Any CPU
	EndGlobalSection
	GlobalSection(SolutionProperties) = preSolution
		HideSolutionNode = FALSE
	EndGlobalSection
	GlobalSection(ExtensibilityGlobals) = postSolution
		SolutionGuid = {A987A13E-5707-4DC8-AFF9-C8BA32142E00}
	EndGlobalSection
EndGlobal
