
Microsoft Visual Studio Solution File, Format Version 12.00
# Visual Studio Version 17
VisualStudioVersion = 17.4.33403.182
MinimumVisualStudioVersion = 10.0.40219.1
Project("{9A19103F-16F7-4668-BE54-9A1E7A4F7556}") = "ExercicioResolvido11", "ExercicioPOO08\ExercicioResolvido11.csproj", "{9F72C73D-D899-45BC-B133-E36322DC644D}"
EndProject
Global
	GlobalSection(SolutionConfigurationPlatforms) = preSolution
		Debug|Any CPU = Debug|Any CPU
		Release|Any CPU = Release|Any CPU
	EndGlobalSection
	GlobalSection(ProjectConfigurationPlatforms) = postSolution
		{9F72C73D-D899-45BC-B133-E36322DC644D}.Debug|Any CPU.ActiveCfg = Debug|Any CPU
		{9F72C73D-D899-45BC-B133-E36322DC644D}.Debug|Any CPU.Build.0 = Debug|Any CPU
		{9F72C73D-D899-45BC-B133-E36322DC644D}.Release|Any CPU.ActiveCfg = Release|Any CPU
		{9F72C73D-D899-45BC-B133-E36322DC644D}.Release|Any CPU.Build.0 = Release|Any CPU
	EndGlobalSection
	GlobalSection(SolutionProperties) = preSolution
		HideSolutionNode = FALSE
	EndGlobalSection
	GlobalSection(ExtensibilityGlobals) = postSolution
		SolutionGuid = {E516CAF8-B0F4-4773-989F-91E5B30AE98F}
	EndGlobalSection
EndGlobal
