
Microsoft Visual Studio Solution File, Format Version 12.00
# Visual Studio Version 17
VisualStudioVersion = 17.4.33403.182
MinimumVisualStudioVersion = 10.0.40219.1
Project("{FAE04EC0-301F-11D3-BF4B-00C04F79EFBC}") = "ExercicioResolvido04", "ExercicioResolvido04\ExercicioResolvido04.csproj", "{E0D308F0-B268-40AE-8A88-92AF4BDC1BBD}"
EndProject
Global
	GlobalSection(SolutionConfigurationPlatforms) = preSolution
		Debug|Any CPU = Debug|Any CPU
		Release|Any CPU = Release|Any CPU
	EndGlobalSection
	GlobalSection(ProjectConfigurationPlatforms) = postSolution
		{E0D308F0-B268-40AE-8A88-92AF4BDC1BBD}.Debug|Any CPU.ActiveCfg = Debug|Any CPU
		{E0D308F0-B268-40AE-8A88-92AF4BDC1BBD}.Debug|Any CPU.Build.0 = Debug|Any CPU
		{E0D308F0-B268-40AE-8A88-92AF4BDC1BBD}.Release|Any CPU.ActiveCfg = Release|Any CPU
		{E0D308F0-B268-40AE-8A88-92AF4BDC1BBD}.Release|Any CPU.Build.0 = Release|Any CPU
	EndGlobalSection
	GlobalSection(SolutionProperties) = preSolution
		HideSolutionNode = FALSE
	EndGlobalSection
	GlobalSection(ExtensibilityGlobals) = postSolution
		SolutionGuid = {FBE696B4-22A2-426B-B07A-2DFFCDD0834D}
	EndGlobalSection
EndGlobal
