
Microsoft Visual Studio Solution File, Format Version 12.00
# Visual Studio Version 17
VisualStudioVersion = 17.5.33627.172
MinimumVisualStudioVersion = 10.0.40219.1
Project("{FAE04EC0-301F-11D3-BF4B-00C04F79EFBC}") = "Ex1006", "Ex1006\Ex1006.csproj", "{6CAC3337-7899-452F-B3E3-88E5DA395CEB}"
EndProject
Global
	GlobalSection(SolutionConfigurationPlatforms) = preSolution
		Debug|Any CPU = Debug|Any CPU
		Release|Any CPU = Release|Any CPU
	EndGlobalSection
	GlobalSection(ProjectConfigurationPlatforms) = postSolution
		{6CAC3337-7899-452F-B3E3-88E5DA395CEB}.Debug|Any CPU.ActiveCfg = Debug|Any CPU
		{6CAC3337-7899-452F-B3E3-88E5DA395CEB}.Debug|Any CPU.Build.0 = Debug|Any CPU
		{6CAC3337-7899-452F-B3E3-88E5DA395CEB}.Release|Any CPU.ActiveCfg = Release|Any CPU
		{6CAC3337-7899-452F-B3E3-88E5DA395CEB}.Release|Any CPU.Build.0 = Release|Any CPU
	EndGlobalSection
	GlobalSection(SolutionProperties) = preSolution
		HideSolutionNode = FALSE
	EndGlobalSection
	GlobalSection(ExtensibilityGlobals) = postSolution
		SolutionGuid = {84CF2086-2AE7-4ED4-8EFA-CE85D2491133}
	EndGlobalSection
EndGlobal
